
Microsoft Visual Studio Solution File, Format Version 12.00
# Visual Studio Version 17
VisualStudioVersion = 17.4.33110.190
MinimumVisualStudioVersion = 10.0.40219.1
Project("{9A19103F-16F7-4668-BE54-9A1E7A4F7556}") = "Blog.API", "Blog.API\Blog.API.csproj", "{2B5E1252-513C-4505-BE2C-0F25C3E1F904}"
EndProject
Project("{9A19103F-16F7-4668-BE54-9A1E7A4F7556}") = "Blog.DAL", "Blog.DAL\Blog.DAL.csproj", "{82596F6E-D0E9-4E1A-8B7C-EEECE467B9DF}"
EndProject
Project("{9A19103F-16F7-4668-BE54-9A1E7A4F7556}") = "Blog.Repository", "Blog.Repository\Blog.Repository.csproj", "{B4F18C0E-A5ED-49D4-B26E-80AA0F1408E3}"
EndProject
Project("{9A19103F-16F7-4668-BE54-9A1E7A4F7556}") = "Blog.Contracts", "Blog.Contracts\Blog.Contracts.csproj", "{8D8E711E-5713-4283-B9AE-1DBF8309E8B5}"
EndProject
Project("{9A19103F-16F7-4668-BE54-9A1E7A4F7556}") = "Blog.Service", "Blog.Service\Blog.Service.csproj", "{7891270B-EACA-40A2-B311-5767BFFDA62E}"
EndProject
Project("{FAE04EC0-301F-11D3-BF4B-00C04F79EFBC}") = "Blog.Service.Tests", "Blog.Service.Tests\Blog.Service.Tests.csproj", "{05EAEA40-9F27-445C-A8FF-A291CA98534D}"
EndProject
Global
	GlobalSection(SolutionConfigurationPlatforms) = preSolution
		Debug|Any CPU = Debug|Any CPU
		Release|Any CPU = Release|Any CPU
	EndGlobalSection
	GlobalSection(ProjectConfigurationPlatforms) = postSolution
		{2B5E1252-513C-4505-BE2C-0F25C3E1F904}.Debug|Any CPU.ActiveCfg = Debug|Any CPU
		{2B5E1252-513C-4505-BE2C-0F25C3E1F904}.Debug|Any CPU.Build.0 = Debug|Any CPU
		{2B5E1252-513C-4505-BE2C-0F25C3E1F904}.Release|Any CPU.ActiveCfg = Release|Any CPU
		{2B5E1252-513C-4505-BE2C-0F25C3E1F904}.Release|Any CPU.Build.0 = Release|Any CPU
		{82596F6E-D0E9-4E1A-8B7C-EEECE467B9DF}.Debug|Any CPU.ActiveCfg = Debug|Any CPU
		{82596F6E-D0E9-4E1A-8B7C-EEECE467B9DF}.Debug|Any CPU.Build.0 = Debug|Any CPU
		{82596F6E-D0E9-4E1A-8B7C-EEECE467B9DF}.Release|Any CPU.ActiveCfg = Release|Any CPU
		{82596F6E-D0E9-4E1A-8B7C-EEECE467B9DF}.Release|Any CPU.Build.0 = Release|Any CPU
		{B4F18C0E-A5ED-49D4-B26E-80AA0F1408E3}.Debug|Any CPU.ActiveCfg = Debug|Any CPU
		{B4F18C0E-A5ED-49D4-B26E-80AA0F1408E3}.Debug|Any CPU.Build.0 = Debug|Any CPU
		{B4F18C0E-A5ED-49D4-B26E-80AA0F1408E3}.Release|Any CPU.ActiveCfg = Release|Any CPU
		{B4F18C0E-A5ED-49D4-B26E-80AA0F1408E3}.Release|Any CPU.Build.0 = Release|Any CPU
		{8D8E711E-5713-4283-B9AE-1DBF8309E8B5}.Debug|Any CPU.ActiveCfg = Debug|Any CPU
		{8D8E711E-5713-4283-B9AE-1DBF8309E8B5}.Debug|Any CPU.Build.0 = Debug|Any CPU
		{8D8E711E-5713-4283-B9AE-1DBF8309E8B5}.Release|Any CPU.ActiveCfg = Release|Any CPU
		{8D8E711E-5713-4283-B9AE-1DBF8309E8B5}.Release|Any CPU.Build.0 = Release|Any CPU
		{7891270B-EACA-40A2-B311-5767BFFDA62E}.Debug|Any CPU.ActiveCfg = Debug|Any CPU
		{7891270B-EACA-40A2-B311-5767BFFDA62E}.Debug|Any CPU.Build.0 = Debug|Any CPU
		{7891270B-EACA-40A2-B311-5767BFFDA62E}.Release|Any CPU.ActiveCfg = Release|Any CPU
		{7891270B-EACA-40A2-B311-5767BFFDA62E}.Release|Any CPU.Build.0 = Release|Any CPU
		{05EAEA40-9F27-445C-A8FF-A291CA98534D}.Debug|Any CPU.ActiveCfg = Debug|Any CPU
		{05EAEA40-9F27-445C-A8FF-A291CA98534D}.Debug|Any CPU.Build.0 = Debug|Any CPU
		{05EAEA40-9F27-445C-A8FF-A291CA98534D}.Release|Any CPU.ActiveCfg = Release|Any CPU
		{05EAEA40-9F27-445C-A8FF-A291CA98534D}.Release|Any CPU.Build.0 = Release|Any CPU
	EndGlobalSection
	GlobalSection(SolutionProperties) = preSolution
		HideSolutionNode = FALSE
	EndGlobalSection
	GlobalSection(ExtensibilityGlobals) = postSolution
		SolutionGuid = {93A63635-32A2-4DE2-8E87-B9A2C39BBBBC}
	EndGlobalSection
EndGlobal
